
Microsoft Visual Studio Solution File, Format Version 12.00
# Visual Studio 2013
VisualStudioVersion = 12.0.30501.0
MinimumVisualStudioVersion = 10.0.40219.1
Project("{FAE04EC0-301F-11D3-BF4B-00C04F79EFBC}") = "Jxqy", "Jxqy\Jxqy.csproj", "{F0C2E895-3D03-496B-A3A8-241A0ACAA7FD}"
EndProject
Project("{FAE04EC0-301F-11D3-BF4B-00C04F79EFBC}") = "JxqyContent", "JxqyContent\JxqyContent.contentproj", "{B582C00C-00B0-43FC-9DAE-57CD7267E701}"
EndProject
Project("{FAE04EC0-301F-11D3-BF4B-00C04F79EFBC}") = "Engine", "Engine\Engine.csproj", "{823E410E-FD01-4AFD-A1B9-EA84D6CE155D}"
EndProject
Project("{FAE04EC0-301F-11D3-BF4B-00C04F79EFBC}") = "INIFileParser", "packages\ini-parser-2.1.2\src\IniFileParser\INIFileParser.csproj", "{5E46DCF4-C473-4171-9F9B-F3910B5EC407}"
EndProject
Project("{FAE04EC0-301F-11D3-BF4B-00C04F79EFBC}") = "GameEditor", "GameEditor\GameEditor.csproj", "{41D72597-3A58-4EB7-8605-7959F88396FF}"
EndProject
Project("{FAE04EC0-301F-11D3-BF4B-00C04F79EFBC}") = "Settings", "Settings\Settings.csproj", "{E3C9DE9D-6784-4FB0-822D-A8C5A663E082}"
EndProject
Project("{FAE04EC0-301F-11D3-BF4B-00C04F79EFBC}") = "GameStarter", "GameStarter\GameStarter.csproj", "{23A9CA17-ACCB-41C3-BF15-173855AECA12}"
EndProject
Global
	GlobalSection(SolutionConfigurationPlatforms) = preSolution
		Debug|Any CPU = Debug|Any CPU
		Debug|Mixed Platforms = Debug|Mixed Platforms
		Debug|x86 = Debug|x86
		Release|Any CPU = Release|Any CPU
		Release|Mixed Platforms = Release|Mixed Platforms
		Release|x86 = Release|x86
	EndGlobalSection
	GlobalSection(ProjectConfigurationPlatforms) = postSolution
		{F0C2E895-3D03-496B-A3A8-241A0ACAA7FD}.Debug|Any CPU.ActiveCfg = Debug|x86
		{F0C2E895-3D03-496B-A3A8-241A0ACAA7FD}.Debug|Mixed Platforms.ActiveCfg = Debug|x86
		{F0C2E895-3D03-496B-A3A8-241A0ACAA7FD}.Debug|Mixed Platforms.Build.0 = Debug|x86
		{F0C2E895-3D03-496B-A3A8-241A0ACAA7FD}.Debug|x86.ActiveCfg = Debug|x86
		{F0C2E895-3D03-496B-A3A8-241A0ACAA7FD}.Debug|x86.Build.0 = Debug|x86
		{F0C2E895-3D03-496B-A3A8-241A0ACAA7FD}.Release|Any CPU.ActiveCfg = Release|x86
		{F0C2E895-3D03-496B-A3A8-241A0ACAA7FD}.Release|Mixed Platforms.ActiveCfg = Release|x86
		{F0C2E895-3D03-496B-A3A8-241A0ACAA7FD}.Release|Mixed Platforms.Build.0 = Release|x86
		{F0C2E895-3D03-496B-A3A8-241A0ACAA7FD}.Release|x86.ActiveCfg = Release|x86
		{F0C2E895-3D03-496B-A3A8-241A0ACAA7FD}.Release|x86.Build.0 = Release|x86
		{B582C00C-00B0-43FC-9DAE-57CD7267E701}.Debug|Any CPU.ActiveCfg = Debug|x86
		{B582C00C-00B0-43FC-9DAE-57CD7267E701}.Debug|Mixed Platforms.ActiveCfg = Debug|x86
		{B582C00C-00B0-43FC-9DAE-57CD7267E701}.Debug|x86.ActiveCfg = Debug|x86
		{B582C00C-00B0-43FC-9DAE-57CD7267E701}.Release|Any CPU.ActiveCfg = Release|x86
		{B582C00C-00B0-43FC-9DAE-57CD7267E701}.Release|Mixed Platforms.ActiveCfg = Release|x86
		{B582C00C-00B0-43FC-9DAE-57CD7267E701}.Release|x86.ActiveCfg = Release|x86
		{823E410E-FD01-4AFD-A1B9-EA84D6CE155D}.Debug|Any CPU.ActiveCfg = Debug|x86
		{823E410E-FD01-4AFD-A1B9-EA84D6CE155D}.Debug|Mixed Platforms.ActiveCfg = Debug|x86
		{823E410E-FD01-4AFD-A1B9-EA84D6CE155D}.Debug|Mixed Platforms.Build.0 = Debug|x86
		{823E410E-FD01-4AFD-A1B9-EA84D6CE155D}.Debug|x86.ActiveCfg = Debug|x86
		{823E410E-FD01-4AFD-A1B9-EA84D6CE155D}.Debug|x86.Build.0 = Debug|x86
		{823E410E-FD01-4AFD-A1B9-EA84D6CE155D}.Release|Any CPU.ActiveCfg = Release|x86
		{823E410E-FD01-4AFD-A1B9-EA84D6CE155D}.Release|Mixed Platforms.ActiveCfg = Release|x86
		{823E410E-FD01-4AFD-A1B9-EA84D6CE155D}.Release|Mixed Platforms.Build.0 = Release|x86
		{823E410E-FD01-4AFD-A1B9-EA84D6CE155D}.Release|x86.ActiveCfg = Release|x86
		{823E410E-FD01-4AFD-A1B9-EA84D6CE155D}.Release|x86.Build.0 = Release|x86
		{5E46DCF4-C473-4171-9F9B-F3910B5EC407}.Debug|Any CPU.ActiveCfg = Debug|Any CPU
		{5E46DCF4-C473-4171-9F9B-F3910B5EC407}.Debug|Any CPU.Build.0 = Debug|Any CPU
		{5E46DCF4-C473-4171-9F9B-F3910B5EC407}.Debug|Mixed Platforms.ActiveCfg = Debug|Any CPU
		{5E46DCF4-C473-4171-9F9B-F3910B5EC407}.Debug|Mixed Platforms.Build.0 = Debug|Any CPU
		{5E46DCF4-C473-4171-9F9B-F3910B5EC407}.Debug|x86.ActiveCfg = Debug|Any CPU
		{5E46DCF4-C473-4171-9F9B-F3910B5EC407}.Release|Any CPU.ActiveCfg = Release|Any CPU
		{5E46DCF4-C473-4171-9F9B-F3910B5EC407}.Release|Any CPU.Build.0 = Release|Any CPU
		{5E46DCF4-C473-4171-9F9B-F3910B5EC407}.Release|Mixed Platforms.ActiveCfg = Release|Any CPU
		{5E46DCF4-C473-4171-9F9B-F3910B5EC407}.Release|Mixed Platforms.Build.0 = Release|Any CPU
		{5E46DCF4-C473-4171-9F9B-F3910B5EC407}.Release|x86.ActiveCfg = Release|Any CPU
		{41D72597-3A58-4EB7-8605-7959F88396FF}.Debug|Any CPU.ActiveCfg = Debug|x86
		{41D72597-3A58-4EB7-8605-7959F88396FF}.Debug|Mixed Platforms.ActiveCfg = Debug|x86
		{41D72597-3A58-4EB7-8605-7959F88396FF}.Debug|Mixed Platforms.Build.0 = Debug|x86
		{41D72597-3A58-4EB7-8605-7959F88396FF}.Debug|x86.ActiveCfg = Debug|x86
		{41D72597-3A58-4EB7-8605-7959F88396FF}.Debug|x86.Build.0 = Debug|x86
		{41D72597-3A58-4EB7-8605-7959F88396FF}.Release|Any CPU.ActiveCfg = Release|x86
		{41D72597-3A58-4EB7-8605-7959F88396FF}.Release|Mixed Platforms.ActiveCfg = Release|x86
		{41D72597-3A58-4EB7-8605-7959F88396FF}.Release|Mixed Platforms.Build.0 = Release|x86
		{41D72597-3A58-4EB7-8605-7959F88396FF}.Release|x86.ActiveCfg = Release|x86
		{41D72597-3A58-4EB7-8605-7959F88396FF}.Release|x86.Build.0 = Release|x86
		{E3C9DE9D-6784-4FB0-822D-A8C5A663E082}.Debug|Any CPU.ActiveCfg = Debug|x86
		{E3C9DE9D-6784-4FB0-822D-A8C5A663E082}.Debug|Mixed Platforms.ActiveCfg = Debug|x86
		{E3C9DE9D-6784-4FB0-822D-A8C5A663E082}.Debug|Mixed Platforms.Build.0 = Debug|x86
		{E3C9DE9D-6784-4FB0-822D-A8C5A663E082}.Debug|x86.ActiveCfg = Debug|x86
		{E3C9DE9D-6784-4FB0-822D-A8C5A663E082}.Debug|x86.Build.0 = Debug|x86
		{E3C9DE9D-6784-4FB0-822D-A8C5A663E082}.Release|Any CPU.ActiveCfg = Release|x86
		{E3C9DE9D-6784-4FB0-822D-A8C5A663E082}.Release|Mixed Platforms.ActiveCfg = Release|x86
		{E3C9DE9D-6784-4FB0-822D-A8C5A663E082}.Release|Mixed Platforms.Build.0 = Release|x86
		{E3C9DE9D-6784-4FB0-822D-A8C5A663E082}.Release|x86.ActiveCfg = Release|x86
		{E3C9DE9D-6784-4FB0-822D-A8C5A663E082}.Release|x86.Build.0 = Release|x86
		{23A9CA17-ACCB-41C3-BF15-173855AECA12}.Debug|Any CPU.ActiveCfg = Debug|Any CPU
		{23A9CA17-ACCB-41C3-BF15-173855AECA12}.Debug|Any CPU.Build.0 = Debug|Any CPU
		{23A9CA17-ACCB-41C3-BF15-173855AECA12}.Debug|Mixed Platforms.ActiveCfg = Debug|Any CPU
		{23A9CA17-ACCB-41C3-BF15-173855AECA12}.Debug|Mixed Platforms.Build.0 = Debug|Any CPU
		{23A9CA17-ACCB-41C3-BF15-173855AECA12}.Debug|x86.ActiveCfg = Debug|Any CPU
		{23A9CA17-ACCB-41C3-BF15-173855AECA12}.Release|Any CPU.ActiveCfg = Release|Any CPU
		{23A9CA17-ACCB-41C3-BF15-173855AECA12}.Release|Any CPU.Build.0 = Release|Any CPU
		{23A9CA17-ACCB-41C3-BF15-173855AECA12}.Release|Mixed Platforms.ActiveCfg = Release|Any CPU
		{23A9CA17-ACCB-41C3-BF15-173855AECA12}.Release|Mixed Platforms.Build.0 = Release|Any CPU
		{23A9CA17-ACCB-41C3-BF15-173855AECA12}.Release|x86.ActiveCfg = Release|Any CPU
	EndGlobalSection
	GlobalSection(SolutionProperties) = preSolution
		HideSolutionNode = FALSE
	EndGlobalSection
EndGlobal
